
Microsoft Visual Studio Solution File, Format Version 12.00
Project("{FAE04EC0-301F-11D3-BF4B-00C04F79EFBC}") = "ProductViewer.Core", "ProductViewer.Core\ProductViewer.Core.csproj", "{891A7CB7-4D88-4136-B6F5-376DBB02FC71}"
EndProject
Project("{FAE04EC0-301F-11D3-BF4B-00C04F79EFBC}") = "ProductViewer.Test", "ProductViewer.Test\ProductViewer.Test.csproj", "{9E6D8E26-A363-48B4-9571-E0CDB3F8A702}"
EndProject
Global
	GlobalSection(SolutionConfigurationPlatforms) = preSolution
		Debug|Any CPU = Debug|Any CPU
		Release|Any CPU = Release|Any CPU
	EndGlobalSection
	GlobalSection(ProjectConfigurationPlatforms) = postSolution
		{891A7CB7-4D88-4136-B6F5-376DBB02FC71}.Debug|Any CPU.ActiveCfg = Debug|Any CPU
		{891A7CB7-4D88-4136-B6F5-376DBB02FC71}.Debug|Any CPU.Build.0 = Debug|Any CPU
		{891A7CB7-4D88-4136-B6F5-376DBB02FC71}.Release|Any CPU.ActiveCfg = Release|Any CPU
		{891A7CB7-4D88-4136-B6F5-376DBB02FC71}.Release|Any CPU.Build.0 = Release|Any CPU
		{9E6D8E26-A363-48B4-9571-E0CDB3F8A702}.Debug|Any CPU.ActiveCfg = Debug|Any CPU
		{9E6D8E26-A363-48B4-9571-E0CDB3F8A702}.Debug|Any CPU.Build.0 = Debug|Any CPU
		{9E6D8E26-A363-48B4-9571-E0CDB3F8A702}.Release|Any CPU.ActiveCfg = Release|Any CPU
		{9E6D8E26-A363-48B4-9571-E0CDB3F8A702}.Release|Any CPU.Build.0 = Release|Any CPU
	EndGlobalSection
EndGlobal
